
Microsoft Visual Studio Solution File, Format Version 12.00
# Visual Studio Version 17
VisualStudioVersion = 17.2.32210.308
MinimumVisualStudioVersion = 10.0.40219.1
Project("{FAE04EC0-301F-11D3-BF4B-00C04F79EFBC}") = "OnlineWalmart", "WebApplication2\OnlineWalmart.csproj", "{7F20F811-4700-4C6F-BAD1-C154B2A3189F}"
EndProject
Global
	GlobalSection(SolutionConfigurationPlatforms) = preSolution
		Debug|Any CPU = Debug|Any CPU
		Release|Any CPU = Release|Any CPU
	EndGlobalSection
	GlobalSection(ProjectConfigurationPlatforms) = postSolution
		{7F20F811-4700-4C6F-BAD1-C154B2A3189F}.Debug|Any CPU.ActiveCfg = Debug|Any CPU
		{7F20F811-4700-4C6F-BAD1-C154B2A3189F}.Debug|Any CPU.Build.0 = Debug|Any CPU
		{7F20F811-4700-4C6F-BAD1-C154B2A3189F}.Release|Any CPU.ActiveCfg = Release|Any CPU
		{7F20F811-4700-4C6F-BAD1-C154B2A3189F}.Release|Any CPU.Build.0 = Release|Any CPU
	EndGlobalSection
	GlobalSection(SolutionProperties) = preSolution
		HideSolutionNode = FALSE
	EndGlobalSection
	GlobalSection(ExtensibilityGlobals) = postSolution
		SolutionGuid = {16B00E95-CF0C-457A-8F5F-8D4371420630}
	EndGlobalSection
EndGlobal
